
Microsoft Visual Studio Solution File, Format Version 12.00
# Visual Studio Version 17
VisualStudioVersion = 17.3.32922.545
MinimumVisualStudioVersion = 10.0.40219.1
Project("{FAE04EC0-301F-11D3-BF4B-00C04F79EFBC}") = "CallCenterOS.DAT", "CallCenterOS.DAT\CallCenterOS.DAT.csproj", "{12E00431-AEA1-4D5C-9FD1-D7458C8A2382}"
EndProject
Project("{FAE04EC0-301F-11D3-BF4B-00C04F79EFBC}") = "CallCenterOS.CORE", "CallCenterOS.CORE\CallCenterOS.CORE.csproj", "{6198CA5A-4318-4EC3-93E0-1CB887A8C6FC}"
EndProject
Project("{FAE04EC0-301F-11D3-BF4B-00C04F79EFBC}") = "CallCenterOS.Application", "CallCenterOS.Application\CallCenterOS.Application.csproj", "{0B197198-F00D-418C-9014-47A82429DAE5}"
EndProject
Project("{FAE04EC0-301F-11D3-BF4B-00C04F79EFBC}") = "CallCenterOS.Web", "CallCenterOS.Web\CallCenterOS.Web.csproj", "{8390517D-AD43-455C-A8AF-014CB593A3D2}"
EndProject
Global
	GlobalSection(SolutionConfigurationPlatforms) = preSolution
		Debug|Any CPU = Debug|Any CPU
		Release|Any CPU = Release|Any CPU
	EndGlobalSection
	GlobalSection(ProjectConfigurationPlatforms) = postSolution
		{12E00431-AEA1-4D5C-9FD1-D7458C8A2382}.Debug|Any CPU.ActiveCfg = Debug|Any CPU
		{12E00431-AEA1-4D5C-9FD1-D7458C8A2382}.Debug|Any CPU.Build.0 = Debug|Any CPU
		{12E00431-AEA1-4D5C-9FD1-D7458C8A2382}.Release|Any CPU.ActiveCfg = Release|Any CPU
		{12E00431-AEA1-4D5C-9FD1-D7458C8A2382}.Release|Any CPU.Build.0 = Release|Any CPU
		{6198CA5A-4318-4EC3-93E0-1CB887A8C6FC}.Debug|Any CPU.ActiveCfg = Debug|Any CPU
		{6198CA5A-4318-4EC3-93E0-1CB887A8C6FC}.Debug|Any CPU.Build.0 = Debug|Any CPU
		{6198CA5A-4318-4EC3-93E0-1CB887A8C6FC}.Release|Any CPU.ActiveCfg = Release|Any CPU
		{6198CA5A-4318-4EC3-93E0-1CB887A8C6FC}.Release|Any CPU.Build.0 = Release|Any CPU
		{0B197198-F00D-418C-9014-47A82429DAE5}.Debug|Any CPU.ActiveCfg = Debug|Any CPU
		{0B197198-F00D-418C-9014-47A82429DAE5}.Debug|Any CPU.Build.0 = Debug|Any CPU
		{0B197198-F00D-418C-9014-47A82429DAE5}.Release|Any CPU.ActiveCfg = Release|Any CPU
		{0B197198-F00D-418C-9014-47A82429DAE5}.Release|Any CPU.Build.0 = Release|Any CPU
		{8390517D-AD43-455C-A8AF-014CB593A3D2}.Debug|Any CPU.ActiveCfg = Debug|Any CPU
		{8390517D-AD43-455C-A8AF-014CB593A3D2}.Debug|Any CPU.Build.0 = Debug|Any CPU
		{8390517D-AD43-455C-A8AF-014CB593A3D2}.Release|Any CPU.ActiveCfg = Release|Any CPU
		{8390517D-AD43-455C-A8AF-014CB593A3D2}.Release|Any CPU.Build.0 = Release|Any CPU
	EndGlobalSection
	GlobalSection(SolutionProperties) = preSolution
		HideSolutionNode = FALSE
	EndGlobalSection
	GlobalSection(ExtensibilityGlobals) = postSolution
		SolutionGuid = {0C1F94ED-0D62-4693-AA45-A362349D9029}
	EndGlobalSection
EndGlobal
